id: splunk-security-content-1ff7ccc8-065a-11ec-91e4-acde48001122
name: Get ADDefaultDomainPasswordPolicy with Powershell Script Block
description: The following analytic detects the execution of the `Get-ADDefaultDomainPasswordPolicy`
  PowerShell cmdlet, which is used to retrieve the password policy in a Windows domain.
  This detection leverages PowerShell Script Block Logging (EventCode=4104) to identify
  the specific command execution. Monitoring this activity is significant as it can
  indicate an attempt to gather domain policy information, which is often a precursor
  to further malicious actions. If confirmed malicious, this activity could allow
  an attacker to understand password policies, aiding in password attacks or further
  domain enumeration.
severity: medium
enabled: false
tags:
  mitre:
  - T1201
  categories:
  - endpoint
references:
- https://github.com/S1ckB0y1337/Active-Directory-Exploitation-Cheat-Sheet
- https://attack.mitre.org/techniques/T1201/
- https://docs.microsoft.com/en-us/powershell/module/activedirectory/get-addefaultdomainpasswordpolicy?view=windowsserver2019-ps
logsource:
  product: splunk
detection:
  splunk_spl: "`powershell` EventCode=4104 ScriptBlockText =\"*Get-ADDefaultDomainPasswordPolicy*\"\
    \n  | fillnull\n  | stats count min(_time) as firstTime max(_time) as lastTime\n\
    \    BY dest signature signature_id\n       user_id vendor_product EventID\n \
    \      Guid Opcode Name\n       Path ProcessID ScriptBlockId\n       ScriptBlockText\n\
    \  | `security_content_ctime(firstTime)`\n  | `security_content_ctime(lastTime)`\n\
    \  | `get_addefaultdomainpasswordpolicy_with_powershell_script_block_filter`"
provenance:
  source: splunk/security_content
  source_id: 1ff7ccc8-065a-11ec-91e4-acde48001122
  source_commit: 4d4c7ee
  license: Apache-2.0
  license_url: https://github.com/splunk/security_content/blob/develop/LICENSE
  imported_at: '2026-05-04'
  imported_by: splunk_importer
  upstream_path: detections/endpoint/get_addefaultdomainpasswordpolicy_with_powershell_script_block.yml
notes:
  splunk_status: production
  splunk_data_source: []
  quarantine_reason: raw SPL — needs translation to AiSOC detection schema
