id: splunk-security-content-a360d2b2-065a-11ec-b0bf-acde48001122
name: Get DomainPolicy with Powershell Script Block
description: The following analytic detects the execution of the `Get-DomainPolicy`
  cmdlet using PowerShell Script Block Logging (EventCode=4104). It leverages logs
  capturing script block text to identify attempts to obtain the password policy in
  a Windows domain. This activity is significant as it indicates potential reconnaissance
  efforts by adversaries or Red Teams to gather domain policy information, which is
  crucial for planning further attacks. If confirmed malicious, this behavior could
  lead to detailed knowledge of domain security settings, aiding in privilege escalation
  or lateral movement within the network.
severity: medium
enabled: false
tags:
  mitre:
  - T1201
  categories:
  - endpoint
references:
- https://github.com/S1ckB0y1337/Active-Directory-Exploitation-Cheat-Sheet
- https://powersploit.readthedocs.io/en/latest/Recon/Get-DomainPolicy/
- https://attack.mitre.org/techniques/T1201/
logsource:
  product: splunk
detection:
  splunk_spl: "`powershell` EventCode=4104 ScriptBlockText =\"*Get-DomainPolicy*\"\
    \n  | fillnull\n  | stats count min(_time) as firstTime max(_time) as lastTime\n\
    \    BY dest signature signature_id\n       user_id vendor_product EventID\n \
    \      Guid Opcode Name\n       Path ProcessID ScriptBlockId\n       ScriptBlockText\n\
    \  | `security_content_ctime(firstTime)`\n  | `security_content_ctime(lastTime)`\n\
    \  | `get_domainpolicy_with_powershell_script_block_filter`"
provenance:
  source: splunk/security_content
  source_id: a360d2b2-065a-11ec-b0bf-acde48001122
  source_commit: 4d4c7ee
  license: Apache-2.0
  license_url: https://github.com/splunk/security_content/blob/develop/LICENSE
  imported_at: '2026-05-04'
  imported_by: splunk_importer
  upstream_path: detections/endpoint/get_domainpolicy_with_powershell_script_block.yml
notes:
  splunk_status: production
  splunk_data_source: []
  quarantine_reason: raw SPL — needs translation to AiSOC detection schema
