id: splunk-security-content-61994268-04f4-11ec-865c-acde48001122
name: Get DomainUser with PowerShell Script Block
description: The following analytic detects the execution of the `Get-DomainUser`
  cmdlet using PowerShell Script Block Logging (EventCode=4104). This cmdlet is part
  of PowerView, a tool often used for domain enumeration. The detection leverages
  PowerShell operational logs to identify instances where this command is executed.
  Monitoring this activity is crucial as it may indicate an adversary's attempt to
  gather information about domain users, which is a common step in Active Directory
  Discovery. If confirmed malicious, this activity could lead to further reconnaissance
  and potential exploitation of domain resources.
severity: medium
enabled: false
tags:
  mitre:
  - T1087.002
  categories:
  - endpoint
references:
- https://powersploit.readthedocs.io/en/latest/Recon/Get-DomainUser/
logsource:
  product: splunk
detection:
  splunk_spl: "`powershell` EventCode=4104 ScriptBlockText = \"*Get-DomainUser*\"\n\
    \  | fillnull\n  | stats count min(_time) as firstTime max(_time) as lastTime\n\
    \    BY dest signature signature_id\n       user_id vendor_product EventID\n \
    \      Guid Opcode Name\n       Path ProcessID ScriptBlockId\n       ScriptBlockText\n\
    \  | `security_content_ctime(firstTime)`\n  | `security_content_ctime(lastTime)`\n\
    \  | `get_domainuser_with_powershell_script_block_filter`"
provenance:
  source: splunk/security_content
  source_id: 61994268-04f4-11ec-865c-acde48001122
  source_commit: 4d4c7ee
  license: Apache-2.0
  license_url: https://github.com/splunk/security_content/blob/develop/LICENSE
  imported_at: '2026-05-04'
  imported_by: splunk_importer
  upstream_path: detections/endpoint/get_domainuser_with_powershell_script_block.yml
notes:
  splunk_status: production
  splunk_data_source: []
  quarantine_reason: raw SPL — needs translation to AiSOC detection schema
